
Microsoft Visual Studio Solution File, Format Version 12.00
# Visual Studio 15
VisualStudioVersion = 15.0.26127.3
MinimumVisualStudioVersion = 10.0.40219.1
Project("{FAE04EC0-301F-11D3-BF4B-00C04F79EFBC}") = "ViewMarkdown.Forms.Plugin.Abstractions", "MarkdownView.Forms.Plugin.Abstractions\ViewMarkdown.Forms.Plugin.Abstractions.csproj", "{B57D1D1B-5BE6-4045-81EE-9714FC846BE8}"
EndProject
Project("{FAE04EC0-301F-11D3-BF4B-00C04F79EFBC}") = "ViewMarkdown.Forms.Plugin.iOS", "MarkdownView.Forms.Plugin.iOS\ViewMarkdown.Forms.Plugin.iOS.csproj", "{421B6D0C-9FCD-494D-8A4C-042EA97974EB}"
EndProject
Project("{FAE04EC0-301F-11D3-BF4B-00C04F79EFBC}") = "ViewMarkdown.Forms.Plugin.Droid", "MarkdownView.Forms.Plugin.Droid\ViewMarkdown.Forms.Plugin.Droid.csproj", "{015DA377-FD77-4463-8AB5-9E92B6217F35}"
EndProject
Project("{FAE04EC0-301F-11D3-BF4B-00C04F79EFBC}") = "ViewMarkdown.Forms.Plugin.Uwp", "MarkdownView.Forms.Plugin.Uwp\ViewMarkdown.Forms.Plugin.Uwp.csproj", "{9A615A4D-B2B1-4578-BE6D-5425492FEFBE}"
EndProject
Global
	GlobalSection(SolutionConfigurationPlatforms) = preSolution
		Debug|Any CPU = Debug|Any CPU
		Debug|ARM = Debug|ARM
		Debug|x64 = Debug|x64
		Debug|x86 = Debug|x86
		Release|Any CPU = Release|Any CPU
		Release|ARM = Release|ARM
		Release|x64 = Release|x64
		Release|x86 = Release|x86
	EndGlobalSection
	GlobalSection(ProjectConfigurationPlatforms) = postSolution
		{B57D1D1B-5BE6-4045-81EE-9714FC846BE8}.Debug|Any CPU.ActiveCfg = Debug|Any CPU
		{B57D1D1B-5BE6-4045-81EE-9714FC846BE8}.Debug|Any CPU.Build.0 = Debug|Any CPU
		{B57D1D1B-5BE6-4045-81EE-9714FC846BE8}.Debug|ARM.ActiveCfg = Debug|Any CPU
		{B57D1D1B-5BE6-4045-81EE-9714FC846BE8}.Debug|x64.ActiveCfg = Debug|Any CPU
		{B57D1D1B-5BE6-4045-81EE-9714FC846BE8}.Debug|x86.ActiveCfg = Debug|Any CPU
		{B57D1D1B-5BE6-4045-81EE-9714FC846BE8}.Release|Any CPU.ActiveCfg = Release|Any CPU
		{B57D1D1B-5BE6-4045-81EE-9714FC846BE8}.Release|Any CPU.Build.0 = Release|Any CPU
		{B57D1D1B-5BE6-4045-81EE-9714FC846BE8}.Release|ARM.ActiveCfg = Release|Any CPU
		{B57D1D1B-5BE6-4045-81EE-9714FC846BE8}.Release|x64.ActiveCfg = Release|Any CPU
		{B57D1D1B-5BE6-4045-81EE-9714FC846BE8}.Release|x86.ActiveCfg = Release|Any CPU
		{421B6D0C-9FCD-494D-8A4C-042EA97974EB}.Debug|Any CPU.ActiveCfg = Debug|Any CPU
		{421B6D0C-9FCD-494D-8A4C-042EA97974EB}.Debug|Any CPU.Build.0 = Debug|Any CPU
		{421B6D0C-9FCD-494D-8A4C-042EA97974EB}.Debug|ARM.ActiveCfg = Debug|Any CPU
		{421B6D0C-9FCD-494D-8A4C-042EA97974EB}.Debug|x64.ActiveCfg = Debug|Any CPU
		{421B6D0C-9FCD-494D-8A4C-042EA97974EB}.Debug|x86.ActiveCfg = Debug|Any CPU
		{421B6D0C-9FCD-494D-8A4C-042EA97974EB}.Release|Any CPU.ActiveCfg = Release|Any CPU
		{421B6D0C-9FCD-494D-8A4C-042EA97974EB}.Release|Any CPU.Build.0 = Release|Any CPU
		{421B6D0C-9FCD-494D-8A4C-042EA97974EB}.Release|ARM.ActiveCfg = Release|Any CPU
		{421B6D0C-9FCD-494D-8A4C-042EA97974EB}.Release|x64.ActiveCfg = Release|Any CPU
		{421B6D0C-9FCD-494D-8A4C-042EA97974EB}.Release|x86.ActiveCfg = Release|Any CPU
		{015DA377-FD77-4463-8AB5-9E92B6217F35}.Debug|Any CPU.ActiveCfg = Debug|Any CPU
		{015DA377-FD77-4463-8AB5-9E92B6217F35}.Debug|Any CPU.Build.0 = Debug|Any CPU
		{015DA377-FD77-4463-8AB5-9E92B6217F35}.Debug|ARM.ActiveCfg = Debug|Any CPU
		{015DA377-FD77-4463-8AB5-9E92B6217F35}.Debug|x64.ActiveCfg = Debug|Any CPU
		{015DA377-FD77-4463-8AB5-9E92B6217F35}.Debug|x86.ActiveCfg = Debug|Any CPU
		{015DA377-FD77-4463-8AB5-9E92B6217F35}.Release|Any CPU.ActiveCfg = Release|Any CPU
		{015DA377-FD77-4463-8AB5-9E92B6217F35}.Release|Any CPU.Build.0 = Release|Any CPU
		{015DA377-FD77-4463-8AB5-9E92B6217F35}.Release|ARM.ActiveCfg = Release|Any CPU
		{015DA377-FD77-4463-8AB5-9E92B6217F35}.Release|x64.ActiveCfg = Release|Any CPU
		{015DA377-FD77-4463-8AB5-9E92B6217F35}.Release|x86.ActiveCfg = Release|Any CPU
		{9A615A4D-B2B1-4578-BE6D-5425492FEFBE}.Debug|Any CPU.ActiveCfg = Debug|Any CPU
		{9A615A4D-B2B1-4578-BE6D-5425492FEFBE}.Debug|Any CPU.Build.0 = Debug|Any CPU
		{9A615A4D-B2B1-4578-BE6D-5425492FEFBE}.Debug|ARM.ActiveCfg = Debug|Any CPU
		{9A615A4D-B2B1-4578-BE6D-5425492FEFBE}.Debug|x64.ActiveCfg = Debug|Any CPU
		{9A615A4D-B2B1-4578-BE6D-5425492FEFBE}.Debug|x86.ActiveCfg = Debug|Any CPU
		{9A615A4D-B2B1-4578-BE6D-5425492FEFBE}.Release|Any CPU.ActiveCfg = Release|Any CPU
		{9A615A4D-B2B1-4578-BE6D-5425492FEFBE}.Release|Any CPU.Build.0 = Release|Any CPU
		{9A615A4D-B2B1-4578-BE6D-5425492FEFBE}.Release|ARM.ActiveCfg = Release|Any CPU
		{9A615A4D-B2B1-4578-BE6D-5425492FEFBE}.Release|x64.ActiveCfg = Release|Any CPU
		{9A615A4D-B2B1-4578-BE6D-5425492FEFBE}.Release|x86.ActiveCfg = Release|Any CPU
	EndGlobalSection
	GlobalSection(SolutionProperties) = preSolution
		HideSolutionNode = FALSE
	EndGlobalSection
EndGlobal
