Microsoft Visual Studio Solution File, Format Version 12.00
# Visual Studio 14
VisualStudioVersion = 14.0.25420.1
MinimumVisualStudioVersion = 10.0.40219.1
Project("{FAE04EC0-301F-11D3-BF4B-00C04F79EFBC}") = "ViewMarkdown.Test", "Core\ViewMarkdown.Test.csproj", "{75BD7D6B-18A2-490D-BA1D-B1C7A33BEBDB}"
EndProject
Project("{FAE04EC0-301F-11D3-BF4B-00C04F79EFBC}") = "ViewMarkdown.Test.iOS", "iOS\ViewMarkdown.Test.iOS.csproj", "{C918FFF6-09F7-4B6A-9DC1-EF7F99D4149D}"
EndProject
Project("{FAE04EC0-301F-11D3-BF4B-00C04F79EFBC}") = "ViewMarkdown.Test.Droid", "Droid\ViewMarkdown.Test.Droid.csproj", "{269963D1-B850-4A18-BC9F-9862872FFE35}"
EndProject
Project("{2150E333-8FDC-42A3-9474-1A3956D46DE8}") = "Library", "Library", "{AA4D8339-660D-4690-B8B0-4A6B9EAE6EDC}"
EndProject
Project("{FAE04EC0-301F-11D3-BF4B-00C04F79EFBC}") = "ViewMarkdown.Forms.Plugin.iOS", "..\MarkdownVIew.Forms.Plugin.iOS\ViewMarkdown.Forms.Plugin.iOS.csproj", "{421B6D0C-9FCD-494D-8A4C-042EA97974EB}"
EndProject
Project("{FAE04EC0-301F-11D3-BF4B-00C04F79EFBC}") = "ViewMarkdown.Forms.Plugin.Droid", "..\MarkdownVIew.Forms.Plugin.Droid\ViewMarkdown.Forms.Plugin.Droid.csproj", "{015DA377-FD77-4463-8AB5-9E92B6217F35}"
EndProject
Project("{FAE04EC0-301F-11D3-BF4B-00C04F79EFBC}") = "ViewMarkdown.Forms.Plugin.Abstractions", "..\MarkdownView.Forms.Plugin.Abstractions\ViewMarkdown.Forms.Plugin.Abstractions.csproj", "{B57D1D1B-5BE6-4045-81EE-9714FC846BE8}"
EndProject
Project("{FAE04EC0-301F-11D3-BF4B-00C04F79EFBC}") = "ViewMarkdown.Test.Windows", "Windows\ViewMarkdown.Test.Windows.csproj", "{FF83986E-B4AB-4C74-97BC-3EC43B1D3F00}"
EndProject
Project("{FAE04EC0-301F-11D3-BF4B-00C04F79EFBC}") = "ViewMarkdown.Test.WinPhone", "WinPhone\ViewMarkdown.Test.WinPhone.csproj", "{33C4CCAF-2649-4F7E-852C-3A38CD802150}"
EndProject
Project("{FAE04EC0-301F-11D3-BF4B-00C04F79EFBC}") = "ViewMarkdown.Forms.Plugin.Uwp", "..\MarkdownView.Forms.Plugin.Uwp\ViewMarkdown.Forms.Plugin.Uwp.csproj", "{9A615A4D-B2B1-4578-BE6D-5425492FEFBE}"
EndProject
Project("{FAE04EC0-301F-11D3-BF4B-00C04F79EFBC}") = "ViewMarkdown.Forms.Plugin.WinPhone", "..\MarkdownView.Forms.Plugin.WinPhone\ViewMarkdown.Forms.Plugin.WinPhone.csproj", "{C126BC09-AC39-443F-83B7-B38E1D67BC00}"
EndProject
Project("{FAE04EC0-301F-11D3-BF4B-00C04F79EFBC}") = "ViewMarkdown.Forms.Plugin.WinStore", "..\MarkdownView.Forms.Plugin.WinStore\ViewMarkdown.Forms.Plugin.WinStore.csproj", "{C146EE74-6563-489B-981F-164340C2A831}"
EndProject
Global
	GlobalSection(SolutionConfigurationPlatforms) = preSolution
		Debug|Any CPU = Debug|Any CPU
		Debug|ARM = Debug|ARM
		Debug|iPhone = Debug|iPhone
		Debug|iPhoneSimulator = Debug|iPhoneSimulator
		Debug|x64 = Debug|x64
		Debug|x86 = Debug|x86
		Release|Any CPU = Release|Any CPU
		Release|ARM = Release|ARM
		Release|iPhone = Release|iPhone
		Release|iPhoneSimulator = Release|iPhoneSimulator
		Release|x64 = Release|x64
		Release|x86 = Release|x86
	EndGlobalSection
	GlobalSection(ProjectConfigurationPlatforms) = postSolution
		{75BD7D6B-18A2-490D-BA1D-B1C7A33BEBDB}.Debug|Any CPU.ActiveCfg = Debug|Any CPU
		{75BD7D6B-18A2-490D-BA1D-B1C7A33BEBDB}.Debug|Any CPU.Build.0 = Debug|Any CPU
		{75BD7D6B-18A2-490D-BA1D-B1C7A33BEBDB}.Debug|ARM.ActiveCfg = Debug|Any CPU
		{75BD7D6B-18A2-490D-BA1D-B1C7A33BEBDB}.Debug|ARM.Build.0 = Debug|Any CPU
		{75BD7D6B-18A2-490D-BA1D-B1C7A33BEBDB}.Debug|iPhone.ActiveCfg = Debug|Any CPU
		{75BD7D6B-18A2-490D-BA1D-B1C7A33BEBDB}.Debug|iPhone.Build.0 = Debug|Any CPU
		{75BD7D6B-18A2-490D-BA1D-B1C7A33BEBDB}.Debug|iPhoneSimulator.ActiveCfg = Debug|Any CPU
		{75BD7D6B-18A2-490D-BA1D-B1C7A33BEBDB}.Debug|iPhoneSimulator.Build.0 = Debug|Any CPU
		{75BD7D6B-18A2-490D-BA1D-B1C7A33BEBDB}.Debug|x64.ActiveCfg = Debug|Any CPU
		{75BD7D6B-18A2-490D-BA1D-B1C7A33BEBDB}.Debug|x64.Build.0 = Debug|Any CPU
		{75BD7D6B-18A2-490D-BA1D-B1C7A33BEBDB}.Debug|x86.ActiveCfg = Debug|Any CPU
		{75BD7D6B-18A2-490D-BA1D-B1C7A33BEBDB}.Debug|x86.Build.0 = Debug|Any CPU
		{75BD7D6B-18A2-490D-BA1D-B1C7A33BEBDB}.Release|Any CPU.ActiveCfg = Release|Any CPU
		{75BD7D6B-18A2-490D-BA1D-B1C7A33BEBDB}.Release|Any CPU.Build.0 = Release|Any CPU
		{75BD7D6B-18A2-490D-BA1D-B1C7A33BEBDB}.Release|ARM.ActiveCfg = Release|Any CPU
		{75BD7D6B-18A2-490D-BA1D-B1C7A33BEBDB}.Release|ARM.Build.0 = Release|Any CPU
		{75BD7D6B-18A2-490D-BA1D-B1C7A33BEBDB}.Release|iPhone.ActiveCfg = Release|Any CPU
		{75BD7D6B-18A2-490D-BA1D-B1C7A33BEBDB}.Release|iPhone.Build.0 = Release|Any CPU
		{75BD7D6B-18A2-490D-BA1D-B1C7A33BEBDB}.Release|iPhoneSimulator.ActiveCfg = Release|Any CPU
		{75BD7D6B-18A2-490D-BA1D-B1C7A33BEBDB}.Release|iPhoneSimulator.Build.0 = Release|Any CPU
		{75BD7D6B-18A2-490D-BA1D-B1C7A33BEBDB}.Release|x64.ActiveCfg = Release|Any CPU
		{75BD7D6B-18A2-490D-BA1D-B1C7A33BEBDB}.Release|x64.Build.0 = Release|Any CPU
		{75BD7D6B-18A2-490D-BA1D-B1C7A33BEBDB}.Release|x86.ActiveCfg = Release|Any CPU
		{75BD7D6B-18A2-490D-BA1D-B1C7A33BEBDB}.Release|x86.Build.0 = Release|Any CPU
		{C918FFF6-09F7-4B6A-9DC1-EF7F99D4149D}.Debug|Any CPU.ActiveCfg = Debug|iPhoneSimulator
		{C918FFF6-09F7-4B6A-9DC1-EF7F99D4149D}.Debug|Any CPU.Build.0 = Debug|iPhoneSimulator
		{C918FFF6-09F7-4B6A-9DC1-EF7F99D4149D}.Debug|ARM.ActiveCfg = Debug|iPhone
		{C918FFF6-09F7-4B6A-9DC1-EF7F99D4149D}.Debug|iPhone.ActiveCfg = Debug|iPhone
		{C918FFF6-09F7-4B6A-9DC1-EF7F99D4149D}.Debug|iPhone.Build.0 = Debug|iPhone
		{C918FFF6-09F7-4B6A-9DC1-EF7F99D4149D}.Debug|iPhoneSimulator.ActiveCfg = Debug|iPhoneSimulator
		{C918FFF6-09F7-4B6A-9DC1-EF7F99D4149D}.Debug|iPhoneSimulator.Build.0 = Debug|iPhoneSimulator
		{C918FFF6-09F7-4B6A-9DC1-EF7F99D4149D}.Debug|x64.ActiveCfg = Debug|iPhone
		{C918FFF6-09F7-4B6A-9DC1-EF7F99D4149D}.Debug|x86.ActiveCfg = Debug|iPhone
		{C918FFF6-09F7-4B6A-9DC1-EF7F99D4149D}.Release|Any CPU.ActiveCfg = Release|iPhone
		{C918FFF6-09F7-4B6A-9DC1-EF7F99D4149D}.Release|Any CPU.Build.0 = Release|iPhone
		{C918FFF6-09F7-4B6A-9DC1-EF7F99D4149D}.Release|ARM.ActiveCfg = Release|iPhoneSimulator
		{C918FFF6-09F7-4B6A-9DC1-EF7F99D4149D}.Release|iPhone.ActiveCfg = Release|iPhone
		{C918FFF6-09F7-4B6A-9DC1-EF7F99D4149D}.Release|iPhone.Build.0 = Release|iPhone
		{C918FFF6-09F7-4B6A-9DC1-EF7F99D4149D}.Release|iPhoneSimulator.ActiveCfg = Release|iPhoneSimulator
		{C918FFF6-09F7-4B6A-9DC1-EF7F99D4149D}.Release|iPhoneSimulator.Build.0 = Release|iPhoneSimulator
		{C918FFF6-09F7-4B6A-9DC1-EF7F99D4149D}.Release|x64.ActiveCfg = Release|iPhoneSimulator
		{C918FFF6-09F7-4B6A-9DC1-EF7F99D4149D}.Release|x86.ActiveCfg = Release|iPhoneSimulator
		{269963D1-B850-4A18-BC9F-9862872FFE35}.Debug|Any CPU.ActiveCfg = Debug|Any CPU
		{269963D1-B850-4A18-BC9F-9862872FFE35}.Debug|Any CPU.Build.0 = Debug|Any CPU
		{269963D1-B850-4A18-BC9F-9862872FFE35}.Debug|ARM.ActiveCfg = Debug|Any CPU
		{269963D1-B850-4A18-BC9F-9862872FFE35}.Debug|ARM.Build.0 = Debug|Any CPU
		{269963D1-B850-4A18-BC9F-9862872FFE35}.Debug|ARM.Deploy.0 = Debug|Any CPU
		{269963D1-B850-4A18-BC9F-9862872FFE35}.Debug|iPhone.ActiveCfg = Debug|Any CPU
		{269963D1-B850-4A18-BC9F-9862872FFE35}.Debug|iPhone.Build.0 = Debug|Any CPU
		{269963D1-B850-4A18-BC9F-9862872FFE35}.Debug|iPhoneSimulator.ActiveCfg = Debug|Any CPU
		{269963D1-B850-4A18-BC9F-9862872FFE35}.Debug|iPhoneSimulator.Build.0 = Debug|Any CPU
		{269963D1-B850-4A18-BC9F-9862872FFE35}.Debug|x64.ActiveCfg = Debug|Any CPU
		{269963D1-B850-4A18-BC9F-9862872FFE35}.Debug|x64.Build.0 = Debug|Any CPU
		{269963D1-B850-4A18-BC9F-9862872FFE35}.Debug|x64.Deploy.0 = Debug|Any CPU
		{269963D1-B850-4A18-BC9F-9862872FFE35}.Debug|x86.ActiveCfg = Debug|Any CPU
		{269963D1-B850-4A18-BC9F-9862872FFE35}.Debug|x86.Build.0 = Debug|Any CPU
		{269963D1-B850-4A18-BC9F-9862872FFE35}.Debug|x86.Deploy.0 = Debug|Any CPU
		{269963D1-B850-4A18-BC9F-9862872FFE35}.Release|Any CPU.ActiveCfg = Release|Any CPU
		{269963D1-B850-4A18-BC9F-9862872FFE35}.Release|Any CPU.Build.0 = Release|Any CPU
		{269963D1-B850-4A18-BC9F-9862872FFE35}.Release|ARM.ActiveCfg = Release|Any CPU
		{269963D1-B850-4A18-BC9F-9862872FFE35}.Release|ARM.Build.0 = Release|Any CPU
		{269963D1-B850-4A18-BC9F-9862872FFE35}.Release|ARM.Deploy.0 = Release|Any CPU
		{269963D1-B850-4A18-BC9F-9862872FFE35}.Release|iPhone.ActiveCfg = Release|Any CPU
		{269963D1-B850-4A18-BC9F-9862872FFE35}.Release|iPhone.Build.0 = Release|Any CPU
		{269963D1-B850-4A18-BC9F-9862872FFE35}.Release|iPhoneSimulator.ActiveCfg = Release|Any CPU
		{269963D1-B850-4A18-BC9F-9862872FFE35}.Release|iPhoneSimulator.Build.0 = Release|Any CPU
		{269963D1-B850-4A18-BC9F-9862872FFE35}.Release|x64.ActiveCfg = Release|Any CPU
		{269963D1-B850-4A18-BC9F-9862872FFE35}.Release|x64.Build.0 = Release|Any CPU
		{269963D1-B850-4A18-BC9F-9862872FFE35}.Release|x64.Deploy.0 = Release|Any CPU
		{269963D1-B850-4A18-BC9F-9862872FFE35}.Release|x86.ActiveCfg = Release|Any CPU
		{269963D1-B850-4A18-BC9F-9862872FFE35}.Release|x86.Build.0 = Release|Any CPU
		{269963D1-B850-4A18-BC9F-9862872FFE35}.Release|x86.Deploy.0 = Release|Any CPU
		{421B6D0C-9FCD-494D-8A4C-042EA97974EB}.Debug|Any CPU.ActiveCfg = Debug|Any CPU
		{421B6D0C-9FCD-494D-8A4C-042EA97974EB}.Debug|Any CPU.Build.0 = Debug|Any CPU
		{421B6D0C-9FCD-494D-8A4C-042EA97974EB}.Debug|ARM.ActiveCfg = Debug|Any CPU
		{421B6D0C-9FCD-494D-8A4C-042EA97974EB}.Debug|ARM.Build.0 = Debug|Any CPU
		{421B6D0C-9FCD-494D-8A4C-042EA97974EB}.Debug|iPhone.ActiveCfg = Debug|Any CPU
		{421B6D0C-9FCD-494D-8A4C-042EA97974EB}.Debug|iPhone.Build.0 = Debug|Any CPU
		{421B6D0C-9FCD-494D-8A4C-042EA97974EB}.Debug|iPhoneSimulator.ActiveCfg = Debug|Any CPU
		{421B6D0C-9FCD-494D-8A4C-042EA97974EB}.Debug|iPhoneSimulator.Build.0 = Debug|Any CPU
		{421B6D0C-9FCD-494D-8A4C-042EA97974EB}.Debug|x64.ActiveCfg = Debug|Any CPU
		{421B6D0C-9FCD-494D-8A4C-042EA97974EB}.Debug|x64.Build.0 = Debug|Any CPU
		{421B6D0C-9FCD-494D-8A4C-042EA97974EB}.Debug|x86.ActiveCfg = Debug|Any CPU
		{421B6D0C-9FCD-494D-8A4C-042EA97974EB}.Debug|x86.Build.0 = Debug|Any CPU
		{421B6D0C-9FCD-494D-8A4C-042EA97974EB}.Release|Any CPU.ActiveCfg = Release|Any CPU
		{421B6D0C-9FCD-494D-8A4C-042EA97974EB}.Release|Any CPU.Build.0 = Release|Any CPU
		{421B6D0C-9FCD-494D-8A4C-042EA97974EB}.Release|ARM.ActiveCfg = Release|Any CPU
		{421B6D0C-9FCD-494D-8A4C-042EA97974EB}.Release|ARM.Build.0 = Release|Any CPU
		{421B6D0C-9FCD-494D-8A4C-042EA97974EB}.Release|iPhone.ActiveCfg = Release|Any CPU
		{421B6D0C-9FCD-494D-8A4C-042EA97974EB}.Release|iPhone.Build.0 = Release|Any CPU
		{421B6D0C-9FCD-494D-8A4C-042EA97974EB}.Release|iPhoneSimulator.ActiveCfg = Release|Any CPU
		{421B6D0C-9FCD-494D-8A4C-042EA97974EB}.Release|iPhoneSimulator.Build.0 = Release|Any CPU
		{421B6D0C-9FCD-494D-8A4C-042EA97974EB}.Release|x64.ActiveCfg = Release|Any CPU
		{421B6D0C-9FCD-494D-8A4C-042EA97974EB}.Release|x64.Build.0 = Release|Any CPU
		{421B6D0C-9FCD-494D-8A4C-042EA97974EB}.Release|x86.ActiveCfg = Release|Any CPU
		{421B6D0C-9FCD-494D-8A4C-042EA97974EB}.Release|x86.Build.0 = Release|Any CPU
		{015DA377-FD77-4463-8AB5-9E92B6217F35}.Debug|Any CPU.ActiveCfg = Debug|Any CPU
		{015DA377-FD77-4463-8AB5-9E92B6217F35}.Debug|Any CPU.Build.0 = Debug|Any CPU
		{015DA377-FD77-4463-8AB5-9E92B6217F35}.Debug|ARM.ActiveCfg = Debug|Any CPU
		{015DA377-FD77-4463-8AB5-9E92B6217F35}.Debug|ARM.Build.0 = Debug|Any CPU
		{015DA377-FD77-4463-8AB5-9E92B6217F35}.Debug|iPhone.ActiveCfg = Debug|Any CPU
		{015DA377-FD77-4463-8AB5-9E92B6217F35}.Debug|iPhone.Build.0 = Debug|Any CPU
		{015DA377-FD77-4463-8AB5-9E92B6217F35}.Debug|iPhoneSimulator.ActiveCfg = Debug|Any CPU
		{015DA377-FD77-4463-8AB5-9E92B6217F35}.Debug|iPhoneSimulator.Build.0 = Debug|Any CPU
		{015DA377-FD77-4463-8AB5-9E92B6217F35}.Debug|x64.ActiveCfg = Debug|Any CPU
		{015DA377-FD77-4463-8AB5-9E92B6217F35}.Debug|x64.Build.0 = Debug|Any CPU
		{015DA377-FD77-4463-8AB5-9E92B6217F35}.Debug|x86.ActiveCfg = Debug|Any CPU
		{015DA377-FD77-4463-8AB5-9E92B6217F35}.Debug|x86.Build.0 = Debug|Any CPU
		{015DA377-FD77-4463-8AB5-9E92B6217F35}.Release|Any CPU.ActiveCfg = Release|Any CPU
		{015DA377-FD77-4463-8AB5-9E92B6217F35}.Release|Any CPU.Build.0 = Release|Any CPU
		{015DA377-FD77-4463-8AB5-9E92B6217F35}.Release|ARM.ActiveCfg = Release|Any CPU
		{015DA377-FD77-4463-8AB5-9E92B6217F35}.Release|ARM.Build.0 = Release|Any CPU
		{015DA377-FD77-4463-8AB5-9E92B6217F35}.Release|iPhone.ActiveCfg = Release|Any CPU
		{015DA377-FD77-4463-8AB5-9E92B6217F35}.Release|iPhone.Build.0 = Release|Any CPU
		{015DA377-FD77-4463-8AB5-9E92B6217F35}.Release|iPhoneSimulator.ActiveCfg = Release|Any CPU
		{015DA377-FD77-4463-8AB5-9E92B6217F35}.Release|iPhoneSimulator.Build.0 = Release|Any CPU
		{015DA377-FD77-4463-8AB5-9E92B6217F35}.Release|x64.ActiveCfg = Release|Any CPU
		{015DA377-FD77-4463-8AB5-9E92B6217F35}.Release|x64.Build.0 = Release|Any CPU
		{015DA377-FD77-4463-8AB5-9E92B6217F35}.Release|x86.ActiveCfg = Release|Any CPU
		{015DA377-FD77-4463-8AB5-9E92B6217F35}.Release|x86.Build.0 = Release|Any CPU
		{B57D1D1B-5BE6-4045-81EE-9714FC846BE8}.Debug|Any CPU.ActiveCfg = Debug|Any CPU
		{B57D1D1B-5BE6-4045-81EE-9714FC846BE8}.Debug|Any CPU.Build.0 = Debug|Any CPU
		{B57D1D1B-5BE6-4045-81EE-9714FC846BE8}.Debug|ARM.ActiveCfg = Debug|Any CPU
		{B57D1D1B-5BE6-4045-81EE-9714FC846BE8}.Debug|ARM.Build.0 = Debug|Any CPU
		{B57D1D1B-5BE6-4045-81EE-9714FC846BE8}.Debug|iPhone.ActiveCfg = Debug|Any CPU
		{B57D1D1B-5BE6-4045-81EE-9714FC846BE8}.Debug|iPhone.Build.0 = Debug|Any CPU
		{B57D1D1B-5BE6-4045-81EE-9714FC846BE8}.Debug|iPhoneSimulator.ActiveCfg = Debug|Any CPU
		{B57D1D1B-5BE6-4045-81EE-9714FC846BE8}.Debug|iPhoneSimulator.Build.0 = Debug|Any CPU
		{B57D1D1B-5BE6-4045-81EE-9714FC846BE8}.Debug|x64.ActiveCfg = Debug|Any CPU
		{B57D1D1B-5BE6-4045-81EE-9714FC846BE8}.Debug|x64.Build.0 = Debug|Any CPU
		{B57D1D1B-5BE6-4045-81EE-9714FC846BE8}.Debug|x86.ActiveCfg = Debug|Any CPU
		{B57D1D1B-5BE6-4045-81EE-9714FC846BE8}.Debug|x86.Build.0 = Debug|Any CPU
		{B57D1D1B-5BE6-4045-81EE-9714FC846BE8}.Release|Any CPU.ActiveCfg = Release|Any CPU
		{B57D1D1B-5BE6-4045-81EE-9714FC846BE8}.Release|Any CPU.Build.0 = Release|Any CPU
		{B57D1D1B-5BE6-4045-81EE-9714FC846BE8}.Release|ARM.ActiveCfg = Release|Any CPU
		{B57D1D1B-5BE6-4045-81EE-9714FC846BE8}.Release|ARM.Build.0 = Release|Any CPU
		{B57D1D1B-5BE6-4045-81EE-9714FC846BE8}.Release|iPhone.ActiveCfg = Release|Any CPU
		{B57D1D1B-5BE6-4045-81EE-9714FC846BE8}.Release|iPhone.Build.0 = Release|Any CPU
		{B57D1D1B-5BE6-4045-81EE-9714FC846BE8}.Release|iPhoneSimulator.ActiveCfg = Release|Any CPU
		{B57D1D1B-5BE6-4045-81EE-9714FC846BE8}.Release|iPhoneSimulator.Build.0 = Release|Any CPU
		{B57D1D1B-5BE6-4045-81EE-9714FC846BE8}.Release|x64.ActiveCfg = Release|Any CPU
		{B57D1D1B-5BE6-4045-81EE-9714FC846BE8}.Release|x64.Build.0 = Release|Any CPU
		{B57D1D1B-5BE6-4045-81EE-9714FC846BE8}.Release|x86.ActiveCfg = Release|Any CPU
		{B57D1D1B-5BE6-4045-81EE-9714FC846BE8}.Release|x86.Build.0 = Release|Any CPU
		{FF83986E-B4AB-4C74-97BC-3EC43B1D3F00}.Debug|Any CPU.ActiveCfg = Debug|Any CPU
		{FF83986E-B4AB-4C74-97BC-3EC43B1D3F00}.Debug|Any CPU.Build.0 = Debug|Any CPU
		{FF83986E-B4AB-4C74-97BC-3EC43B1D3F00}.Debug|Any CPU.Deploy.0 = Debug|Any CPU
		{FF83986E-B4AB-4C74-97BC-3EC43B1D3F00}.Debug|ARM.ActiveCfg = Debug|ARM
		{FF83986E-B4AB-4C74-97BC-3EC43B1D3F00}.Debug|ARM.Build.0 = Debug|ARM
		{FF83986E-B4AB-4C74-97BC-3EC43B1D3F00}.Debug|ARM.Deploy.0 = Debug|ARM
		{FF83986E-B4AB-4C74-97BC-3EC43B1D3F00}.Debug|iPhone.ActiveCfg = Debug|Any CPU
		{FF83986E-B4AB-4C74-97BC-3EC43B1D3F00}.Debug|iPhone.Build.0 = Debug|Any CPU
		{FF83986E-B4AB-4C74-97BC-3EC43B1D3F00}.Debug|iPhone.Deploy.0 = Debug|Any CPU
		{FF83986E-B4AB-4C74-97BC-3EC43B1D3F00}.Debug|iPhoneSimulator.ActiveCfg = Debug|Any CPU
		{FF83986E-B4AB-4C74-97BC-3EC43B1D3F00}.Debug|iPhoneSimulator.Build.0 = Debug|Any CPU
		{FF83986E-B4AB-4C74-97BC-3EC43B1D3F00}.Debug|iPhoneSimulator.Deploy.0 = Debug|Any CPU
		{FF83986E-B4AB-4C74-97BC-3EC43B1D3F00}.Debug|x64.ActiveCfg = Debug|x64
		{FF83986E-B4AB-4C74-97BC-3EC43B1D3F00}.Debug|x64.Build.0 = Debug|x64
		{FF83986E-B4AB-4C74-97BC-3EC43B1D3F00}.Debug|x64.Deploy.0 = Debug|x64
		{FF83986E-B4AB-4C74-97BC-3EC43B1D3F00}.Debug|x86.ActiveCfg = Debug|x86
		{FF83986E-B4AB-4C74-97BC-3EC43B1D3F00}.Debug|x86.Build.0 = Debug|x86
		{FF83986E-B4AB-4C74-97BC-3EC43B1D3F00}.Debug|x86.Deploy.0 = Debug|x86
		{FF83986E-B4AB-4C74-97BC-3EC43B1D3F00}.Release|Any CPU.ActiveCfg = Release|Any CPU
		{FF83986E-B4AB-4C74-97BC-3EC43B1D3F00}.Release|Any CPU.Build.0 = Release|Any CPU
		{FF83986E-B4AB-4C74-97BC-3EC43B1D3F00}.Release|Any CPU.Deploy.0 = Release|Any CPU
		{FF83986E-B4AB-4C74-97BC-3EC43B1D3F00}.Release|ARM.ActiveCfg = Release|ARM
		{FF83986E-B4AB-4C74-97BC-3EC43B1D3F00}.Release|ARM.Build.0 = Release|ARM
		{FF83986E-B4AB-4C74-97BC-3EC43B1D3F00}.Release|ARM.Deploy.0 = Release|ARM
		{FF83986E-B4AB-4C74-97BC-3EC43B1D3F00}.Release|iPhone.ActiveCfg = Release|Any CPU
		{FF83986E-B4AB-4C74-97BC-3EC43B1D3F00}.Release|iPhone.Build.0 = Release|Any CPU
		{FF83986E-B4AB-4C74-97BC-3EC43B1D3F00}.Release|iPhone.Deploy.0 = Release|Any CPU
		{FF83986E-B4AB-4C74-97BC-3EC43B1D3F00}.Release|iPhoneSimulator.ActiveCfg = Release|Any CPU
		{FF83986E-B4AB-4C74-97BC-3EC43B1D3F00}.Release|iPhoneSimulator.Build.0 = Release|Any CPU
		{FF83986E-B4AB-4C74-97BC-3EC43B1D3F00}.Release|iPhoneSimulator.Deploy.0 = Release|Any CPU
		{FF83986E-B4AB-4C74-97BC-3EC43B1D3F00}.Release|x64.ActiveCfg = Release|x64
		{FF83986E-B4AB-4C74-97BC-3EC43B1D3F00}.Release|x64.Build.0 = Release|x64
		{FF83986E-B4AB-4C74-97BC-3EC43B1D3F00}.Release|x64.Deploy.0 = Release|x64
		{FF83986E-B4AB-4C74-97BC-3EC43B1D3F00}.Release|x86.ActiveCfg = Release|x86
		{FF83986E-B4AB-4C74-97BC-3EC43B1D3F00}.Release|x86.Build.0 = Release|x86
		{FF83986E-B4AB-4C74-97BC-3EC43B1D3F00}.Release|x86.Deploy.0 = Release|x86
		{33C4CCAF-2649-4F7E-852C-3A38CD802150}.Debug|Any CPU.ActiveCfg = Debug|Any CPU
		{33C4CCAF-2649-4F7E-852C-3A38CD802150}.Debug|Any CPU.Build.0 = Debug|Any CPU
		{33C4CCAF-2649-4F7E-852C-3A38CD802150}.Debug|Any CPU.Deploy.0 = Debug|Any CPU
		{33C4CCAF-2649-4F7E-852C-3A38CD802150}.Debug|ARM.ActiveCfg = Debug|ARM
		{33C4CCAF-2649-4F7E-852C-3A38CD802150}.Debug|ARM.Build.0 = Debug|ARM
		{33C4CCAF-2649-4F7E-852C-3A38CD802150}.Debug|ARM.Deploy.0 = Debug|ARM
		{33C4CCAF-2649-4F7E-852C-3A38CD802150}.Debug|iPhone.ActiveCfg = Debug|Any CPU
		{33C4CCAF-2649-4F7E-852C-3A38CD802150}.Debug|iPhone.Build.0 = Debug|Any CPU
		{33C4CCAF-2649-4F7E-852C-3A38CD802150}.Debug|iPhone.Deploy.0 = Debug|Any CPU
		{33C4CCAF-2649-4F7E-852C-3A38CD802150}.Debug|iPhoneSimulator.ActiveCfg = Debug|Any CPU
		{33C4CCAF-2649-4F7E-852C-3A38CD802150}.Debug|iPhoneSimulator.Build.0 = Debug|Any CPU
		{33C4CCAF-2649-4F7E-852C-3A38CD802150}.Debug|iPhoneSimulator.Deploy.0 = Debug|Any CPU
		{33C4CCAF-2649-4F7E-852C-3A38CD802150}.Debug|x64.ActiveCfg = Debug|Any CPU
		{33C4CCAF-2649-4F7E-852C-3A38CD802150}.Debug|x64.Build.0 = Debug|Any CPU
		{33C4CCAF-2649-4F7E-852C-3A38CD802150}.Debug|x64.Deploy.0 = Debug|Any CPU
		{33C4CCAF-2649-4F7E-852C-3A38CD802150}.Debug|x86.ActiveCfg = Debug|x86
		{33C4CCAF-2649-4F7E-852C-3A38CD802150}.Debug|x86.Build.0 = Debug|x86
		{33C4CCAF-2649-4F7E-852C-3A38CD802150}.Debug|x86.Deploy.0 = Debug|x86
		{33C4CCAF-2649-4F7E-852C-3A38CD802150}.Release|Any CPU.ActiveCfg = Release|Any CPU
		{33C4CCAF-2649-4F7E-852C-3A38CD802150}.Release|Any CPU.Build.0 = Release|Any CPU
		{33C4CCAF-2649-4F7E-852C-3A38CD802150}.Release|Any CPU.Deploy.0 = Release|Any CPU
		{33C4CCAF-2649-4F7E-852C-3A38CD802150}.Release|ARM.ActiveCfg = Release|ARM
		{33C4CCAF-2649-4F7E-852C-3A38CD802150}.Release|ARM.Build.0 = Release|ARM
		{33C4CCAF-2649-4F7E-852C-3A38CD802150}.Release|ARM.Deploy.0 = Release|ARM
		{33C4CCAF-2649-4F7E-852C-3A38CD802150}.Release|iPhone.ActiveCfg = Release|Any CPU
		{33C4CCAF-2649-4F7E-852C-3A38CD802150}.Release|iPhone.Build.0 = Release|Any CPU
		{33C4CCAF-2649-4F7E-852C-3A38CD802150}.Release|iPhone.Deploy.0 = Release|Any CPU
		{33C4CCAF-2649-4F7E-852C-3A38CD802150}.Release|iPhoneSimulator.ActiveCfg = Release|Any CPU
		{33C4CCAF-2649-4F7E-852C-3A38CD802150}.Release|iPhoneSimulator.Build.0 = Release|Any CPU
		{33C4CCAF-2649-4F7E-852C-3A38CD802150}.Release|iPhoneSimulator.Deploy.0 = Release|Any CPU
		{33C4CCAF-2649-4F7E-852C-3A38CD802150}.Release|x64.ActiveCfg = Release|Any CPU
		{33C4CCAF-2649-4F7E-852C-3A38CD802150}.Release|x64.Build.0 = Release|Any CPU
		{33C4CCAF-2649-4F7E-852C-3A38CD802150}.Release|x64.Deploy.0 = Release|Any CPU
		{33C4CCAF-2649-4F7E-852C-3A38CD802150}.Release|x86.ActiveCfg = Release|x86
		{33C4CCAF-2649-4F7E-852C-3A38CD802150}.Release|x86.Build.0 = Release|x86
		{33C4CCAF-2649-4F7E-852C-3A38CD802150}.Release|x86.Deploy.0 = Release|x86
		{9A615A4D-B2B1-4578-BE6D-5425492FEFBE}.Debug|Any CPU.ActiveCfg = Debug|Any CPU
		{9A615A4D-B2B1-4578-BE6D-5425492FEFBE}.Debug|Any CPU.Build.0 = Debug|Any CPU
		{9A615A4D-B2B1-4578-BE6D-5425492FEFBE}.Debug|ARM.ActiveCfg = Debug|Any CPU
		{9A615A4D-B2B1-4578-BE6D-5425492FEFBE}.Debug|ARM.Build.0 = Debug|Any CPU
		{9A615A4D-B2B1-4578-BE6D-5425492FEFBE}.Debug|iPhone.ActiveCfg = Debug|Any CPU
		{9A615A4D-B2B1-4578-BE6D-5425492FEFBE}.Debug|iPhone.Build.0 = Debug|Any CPU
		{9A615A4D-B2B1-4578-BE6D-5425492FEFBE}.Debug|iPhoneSimulator.ActiveCfg = Debug|Any CPU
		{9A615A4D-B2B1-4578-BE6D-5425492FEFBE}.Debug|iPhoneSimulator.Build.0 = Debug|Any CPU
		{9A615A4D-B2B1-4578-BE6D-5425492FEFBE}.Debug|x64.ActiveCfg = Debug|Any CPU
		{9A615A4D-B2B1-4578-BE6D-5425492FEFBE}.Debug|x64.Build.0 = Debug|Any CPU
		{9A615A4D-B2B1-4578-BE6D-5425492FEFBE}.Debug|x86.ActiveCfg = Debug|Any CPU
		{9A615A4D-B2B1-4578-BE6D-5425492FEFBE}.Debug|x86.Build.0 = Debug|Any CPU
		{9A615A4D-B2B1-4578-BE6D-5425492FEFBE}.Release|Any CPU.ActiveCfg = Release|Any CPU
		{9A615A4D-B2B1-4578-BE6D-5425492FEFBE}.Release|Any CPU.Build.0 = Release|Any CPU
		{9A615A4D-B2B1-4578-BE6D-5425492FEFBE}.Release|ARM.ActiveCfg = Release|Any CPU
		{9A615A4D-B2B1-4578-BE6D-5425492FEFBE}.Release|ARM.Build.0 = Release|Any CPU
		{9A615A4D-B2B1-4578-BE6D-5425492FEFBE}.Release|iPhone.ActiveCfg = Release|Any CPU
		{9A615A4D-B2B1-4578-BE6D-5425492FEFBE}.Release|iPhone.Build.0 = Release|Any CPU
		{9A615A4D-B2B1-4578-BE6D-5425492FEFBE}.Release|iPhoneSimulator.ActiveCfg = Release|Any CPU
		{9A615A4D-B2B1-4578-BE6D-5425492FEFBE}.Release|iPhoneSimulator.Build.0 = Release|Any CPU
		{9A615A4D-B2B1-4578-BE6D-5425492FEFBE}.Release|x64.ActiveCfg = Release|Any CPU
		{9A615A4D-B2B1-4578-BE6D-5425492FEFBE}.Release|x64.Build.0 = Release|Any CPU
		{9A615A4D-B2B1-4578-BE6D-5425492FEFBE}.Release|x86.ActiveCfg = Release|Any CPU
		{9A615A4D-B2B1-4578-BE6D-5425492FEFBE}.Release|x86.Build.0 = Release|Any CPU
		{C126BC09-AC39-443F-83B7-B38E1D67BC00}.Debug|Any CPU.ActiveCfg = Debug|Any CPU
		{C126BC09-AC39-443F-83B7-B38E1D67BC00}.Debug|Any CPU.Build.0 = Debug|Any CPU
		{C126BC09-AC39-443F-83B7-B38E1D67BC00}.Debug|ARM.ActiveCfg = Debug|ARM
		{C126BC09-AC39-443F-83B7-B38E1D67BC00}.Debug|ARM.Build.0 = Debug|ARM
		{C126BC09-AC39-443F-83B7-B38E1D67BC00}.Debug|iPhone.ActiveCfg = Debug|Any CPU
		{C126BC09-AC39-443F-83B7-B38E1D67BC00}.Debug|iPhone.Build.0 = Debug|Any CPU
		{C126BC09-AC39-443F-83B7-B38E1D67BC00}.Debug|iPhoneSimulator.ActiveCfg = Debug|Any CPU
		{C126BC09-AC39-443F-83B7-B38E1D67BC00}.Debug|iPhoneSimulator.Build.0 = Debug|Any CPU
		{C126BC09-AC39-443F-83B7-B38E1D67BC00}.Debug|x64.ActiveCfg = Debug|Any CPU
		{C126BC09-AC39-443F-83B7-B38E1D67BC00}.Debug|x64.Build.0 = Debug|Any CPU
		{C126BC09-AC39-443F-83B7-B38E1D67BC00}.Debug|x86.ActiveCfg = Debug|x86
		{C126BC09-AC39-443F-83B7-B38E1D67BC00}.Debug|x86.Build.0 = Debug|x86
		{C126BC09-AC39-443F-83B7-B38E1D67BC00}.Release|Any CPU.ActiveCfg = Release|Any CPU
		{C126BC09-AC39-443F-83B7-B38E1D67BC00}.Release|Any CPU.Build.0 = Release|Any CPU
		{C126BC09-AC39-443F-83B7-B38E1D67BC00}.Release|ARM.ActiveCfg = Release|ARM
		{C126BC09-AC39-443F-83B7-B38E1D67BC00}.Release|ARM.Build.0 = Release|ARM
		{C126BC09-AC39-443F-83B7-B38E1D67BC00}.Release|iPhone.ActiveCfg = Release|Any CPU
		{C126BC09-AC39-443F-83B7-B38E1D67BC00}.Release|iPhone.Build.0 = Release|Any CPU
		{C126BC09-AC39-443F-83B7-B38E1D67BC00}.Release|iPhoneSimulator.ActiveCfg = Release|Any CPU
		{C126BC09-AC39-443F-83B7-B38E1D67BC00}.Release|iPhoneSimulator.Build.0 = Release|Any CPU
		{C126BC09-AC39-443F-83B7-B38E1D67BC00}.Release|x64.ActiveCfg = Release|Any CPU
		{C126BC09-AC39-443F-83B7-B38E1D67BC00}.Release|x64.Build.0 = Release|Any CPU
		{C126BC09-AC39-443F-83B7-B38E1D67BC00}.Release|x86.ActiveCfg = Release|x86
		{C126BC09-AC39-443F-83B7-B38E1D67BC00}.Release|x86.Build.0 = Release|x86
		{C146EE74-6563-489B-981F-164340C2A831}.Debug|Any CPU.ActiveCfg = Debug|Any CPU
		{C146EE74-6563-489B-981F-164340C2A831}.Debug|Any CPU.Build.0 = Debug|Any CPU
		{C146EE74-6563-489B-981F-164340C2A831}.Debug|ARM.ActiveCfg = Debug|ARM
		{C146EE74-6563-489B-981F-164340C2A831}.Debug|ARM.Build.0 = Debug|ARM
		{C146EE74-6563-489B-981F-164340C2A831}.Debug|iPhone.ActiveCfg = Debug|Any CPU
		{C146EE74-6563-489B-981F-164340C2A831}.Debug|iPhone.Build.0 = Debug|Any CPU
		{C146EE74-6563-489B-981F-164340C2A831}.Debug|iPhoneSimulator.ActiveCfg = Debug|Any CPU
		{C146EE74-6563-489B-981F-164340C2A831}.Debug|iPhoneSimulator.Build.0 = Debug|Any CPU
		{C146EE74-6563-489B-981F-164340C2A831}.Debug|x64.ActiveCfg = Debug|x64
		{C146EE74-6563-489B-981F-164340C2A831}.Debug|x64.Build.0 = Debug|x64
		{C146EE74-6563-489B-981F-164340C2A831}.Debug|x86.ActiveCfg = Debug|x86
		{C146EE74-6563-489B-981F-164340C2A831}.Debug|x86.Build.0 = Debug|x86
		{C146EE74-6563-489B-981F-164340C2A831}.Release|Any CPU.ActiveCfg = Release|Any CPU
		{C146EE74-6563-489B-981F-164340C2A831}.Release|Any CPU.Build.0 = Release|Any CPU
		{C146EE74-6563-489B-981F-164340C2A831}.Release|ARM.ActiveCfg = Release|ARM
		{C146EE74-6563-489B-981F-164340C2A831}.Release|ARM.Build.0 = Release|ARM
		{C146EE74-6563-489B-981F-164340C2A831}.Release|iPhone.ActiveCfg = Release|Any CPU
		{C146EE74-6563-489B-981F-164340C2A831}.Release|iPhone.Build.0 = Release|Any CPU
		{C146EE74-6563-489B-981F-164340C2A831}.Release|iPhoneSimulator.ActiveCfg = Release|Any CPU
		{C146EE74-6563-489B-981F-164340C2A831}.Release|iPhoneSimulator.Build.0 = Release|Any CPU
		{C146EE74-6563-489B-981F-164340C2A831}.Release|x64.ActiveCfg = Release|x64
		{C146EE74-6563-489B-981F-164340C2A831}.Release|x64.Build.0 = Release|x64
		{C146EE74-6563-489B-981F-164340C2A831}.Release|x86.ActiveCfg = Release|x86
		{C146EE74-6563-489B-981F-164340C2A831}.Release|x86.Build.0 = Release|x86
	EndGlobalSection
	GlobalSection(SolutionProperties) = preSolution
		HideSolutionNode = FALSE
	EndGlobalSection
	GlobalSection(NestedProjects) = preSolution
		{421B6D0C-9FCD-494D-8A4C-042EA97974EB} = {AA4D8339-660D-4690-B8B0-4A6B9EAE6EDC}
		{015DA377-FD77-4463-8AB5-9E92B6217F35} = {AA4D8339-660D-4690-B8B0-4A6B9EAE6EDC}
		{B57D1D1B-5BE6-4045-81EE-9714FC846BE8} = {AA4D8339-660D-4690-B8B0-4A6B9EAE6EDC}
		{9A615A4D-B2B1-4578-BE6D-5425492FEFBE} = {AA4D8339-660D-4690-B8B0-4A6B9EAE6EDC}
		{C126BC09-AC39-443F-83B7-B38E1D67BC00} = {AA4D8339-660D-4690-B8B0-4A6B9EAE6EDC}
		{C146EE74-6563-489B-981F-164340C2A831} = {AA4D8339-660D-4690-B8B0-4A6B9EAE6EDC}
	EndGlobalSection
	GlobalSection(MonoDevelopProperties) = preSolution
		Policies = $0
		$0.DotNetNamingPolicy = $1
		$1.DirectoryNamespaceAssociation = Hierarchical
		$1.ResourceNamePolicy = FileFormatDefault
	EndGlobalSection
EndGlobal
