
Microsoft Visual Studio Solution File, Format Version 12.00
# Visual Studio 2012
Project("{FAE04EC0-301F-11D3-BF4B-00C04F79EFBC}") = "ViewMarkdown.Test", "Core\ViewMarkdown.Test.csproj", "{75BD7D6B-18A2-490D-BA1D-B1C7A33BEBDB}"
EndProject
Project("{FAE04EC0-301F-11D3-BF4B-00C04F79EFBC}") = "ViewMarkdown.Test.iOS", "iOS\ViewMarkdown.Test.iOS.csproj", "{C918FFF6-09F7-4B6A-9DC1-EF7F99D4149D}"
EndProject
Project("{FAE04EC0-301F-11D3-BF4B-00C04F79EFBC}") = "ViewMarkdown.Test.Droid", "Droid\ViewMarkdown.Test.Droid.csproj", "{269963D1-B850-4A18-BC9F-9862872FFE35}"
EndProject
Project("{2150E333-8FDC-42A3-9474-1A3956D46DE8}") = "Library", "Library", "{AA4D8339-660D-4690-B8B0-4A6B9EAE6EDC}"
EndProject
Project("{FAE04EC0-301F-11D3-BF4B-00C04F79EFBC}") = "ViewMarkdown.Forms.Plugin.iOS", "..\MarkdownVIew.Forms.Plugin.iOS\ViewMarkdown.Forms.Plugin.iOS.csproj", "{421B6D0C-9FCD-494D-8A4C-042EA97974EB}"
EndProject
Project("{FAE04EC0-301F-11D3-BF4B-00C04F79EFBC}") = "ViewMarkdown.Forms.Plugin.Droid", "..\MarkdownVIew.Forms.Plugin.Droid\ViewMarkdown.Forms.Plugin.Droid.csproj", "{015DA377-FD77-4463-8AB5-9E92B6217F35}"
EndProject
Project("{FAE04EC0-301F-11D3-BF4B-00C04F79EFBC}") = "ViewMarkdown.Forms.Plugin.Abstractions", "..\MarkdownView.Forms.Plugin.Abstractions\ViewMarkdown.Forms.Plugin.Abstractions.csproj", "{B57D1D1B-5BE6-4045-81EE-9714FC846BE8}"
EndProject
Global
	GlobalSection(SolutionConfigurationPlatforms) = preSolution
		Debug|Any CPU = Debug|Any CPU
		Release|Any CPU = Release|Any CPU
		Debug|iPhoneSimulator = Debug|iPhoneSimulator
		Release|iPhone = Release|iPhone
		Release|iPhoneSimulator = Release|iPhoneSimulator
		Debug|iPhone = Debug|iPhone
	EndGlobalSection
	GlobalSection(ProjectConfigurationPlatforms) = postSolution
		{75BD7D6B-18A2-490D-BA1D-B1C7A33BEBDB}.Debug|Any CPU.ActiveCfg = Debug|Any CPU
		{75BD7D6B-18A2-490D-BA1D-B1C7A33BEBDB}.Debug|Any CPU.Build.0 = Debug|Any CPU
		{75BD7D6B-18A2-490D-BA1D-B1C7A33BEBDB}.Release|Any CPU.ActiveCfg = Release|Any CPU
		{75BD7D6B-18A2-490D-BA1D-B1C7A33BEBDB}.Release|Any CPU.Build.0 = Release|Any CPU
		{75BD7D6B-18A2-490D-BA1D-B1C7A33BEBDB}.Debug|iPhoneSimulator.ActiveCfg = Debug|Any CPU
		{75BD7D6B-18A2-490D-BA1D-B1C7A33BEBDB}.Debug|iPhoneSimulator.Build.0 = Debug|Any CPU
		{75BD7D6B-18A2-490D-BA1D-B1C7A33BEBDB}.Release|iPhone.ActiveCfg = Release|Any CPU
		{75BD7D6B-18A2-490D-BA1D-B1C7A33BEBDB}.Release|iPhone.Build.0 = Release|Any CPU
		{75BD7D6B-18A2-490D-BA1D-B1C7A33BEBDB}.Release|iPhoneSimulator.ActiveCfg = Release|Any CPU
		{75BD7D6B-18A2-490D-BA1D-B1C7A33BEBDB}.Release|iPhoneSimulator.Build.0 = Release|Any CPU
		{75BD7D6B-18A2-490D-BA1D-B1C7A33BEBDB}.Debug|iPhone.ActiveCfg = Debug|Any CPU
		{75BD7D6B-18A2-490D-BA1D-B1C7A33BEBDB}.Debug|iPhone.Build.0 = Debug|Any CPU
		{C918FFF6-09F7-4B6A-9DC1-EF7F99D4149D}.Debug|Any CPU.ActiveCfg = Debug|iPhoneSimulator
		{C918FFF6-09F7-4B6A-9DC1-EF7F99D4149D}.Debug|Any CPU.Build.0 = Debug|iPhoneSimulator
		{C918FFF6-09F7-4B6A-9DC1-EF7F99D4149D}.Release|Any CPU.ActiveCfg = Release|iPhone
		{C918FFF6-09F7-4B6A-9DC1-EF7F99D4149D}.Release|Any CPU.Build.0 = Release|iPhone
		{C918FFF6-09F7-4B6A-9DC1-EF7F99D4149D}.Debug|iPhoneSimulator.ActiveCfg = Debug|iPhoneSimulator
		{C918FFF6-09F7-4B6A-9DC1-EF7F99D4149D}.Debug|iPhoneSimulator.Build.0 = Debug|iPhoneSimulator
		{C918FFF6-09F7-4B6A-9DC1-EF7F99D4149D}.Release|iPhone.ActiveCfg = Release|iPhone
		{C918FFF6-09F7-4B6A-9DC1-EF7F99D4149D}.Release|iPhone.Build.0 = Release|iPhone
		{C918FFF6-09F7-4B6A-9DC1-EF7F99D4149D}.Release|iPhoneSimulator.ActiveCfg = Release|iPhoneSimulator
		{C918FFF6-09F7-4B6A-9DC1-EF7F99D4149D}.Release|iPhoneSimulator.Build.0 = Release|iPhoneSimulator
		{C918FFF6-09F7-4B6A-9DC1-EF7F99D4149D}.Debug|iPhone.ActiveCfg = Debug|iPhone
		{C918FFF6-09F7-4B6A-9DC1-EF7F99D4149D}.Debug|iPhone.Build.0 = Debug|iPhone
		{269963D1-B850-4A18-BC9F-9862872FFE35}.Debug|Any CPU.ActiveCfg = Debug|Any CPU
		{269963D1-B850-4A18-BC9F-9862872FFE35}.Debug|Any CPU.Build.0 = Debug|Any CPU
		{269963D1-B850-4A18-BC9F-9862872FFE35}.Release|Any CPU.ActiveCfg = Release|Any CPU
		{269963D1-B850-4A18-BC9F-9862872FFE35}.Release|Any CPU.Build.0 = Release|Any CPU
		{269963D1-B850-4A18-BC9F-9862872FFE35}.Debug|iPhoneSimulator.ActiveCfg = Debug|Any CPU
		{269963D1-B850-4A18-BC9F-9862872FFE35}.Debug|iPhoneSimulator.Build.0 = Debug|Any CPU
		{269963D1-B850-4A18-BC9F-9862872FFE35}.Release|iPhone.ActiveCfg = Release|Any CPU
		{269963D1-B850-4A18-BC9F-9862872FFE35}.Release|iPhone.Build.0 = Release|Any CPU
		{269963D1-B850-4A18-BC9F-9862872FFE35}.Release|iPhoneSimulator.ActiveCfg = Release|Any CPU
		{269963D1-B850-4A18-BC9F-9862872FFE35}.Release|iPhoneSimulator.Build.0 = Release|Any CPU
		{269963D1-B850-4A18-BC9F-9862872FFE35}.Debug|iPhone.ActiveCfg = Debug|Any CPU
		{269963D1-B850-4A18-BC9F-9862872FFE35}.Debug|iPhone.Build.0 = Debug|Any CPU
		{421B6D0C-9FCD-494D-8A4C-042EA97974EB}.Debug|Any CPU.ActiveCfg = Debug|Any CPU
		{421B6D0C-9FCD-494D-8A4C-042EA97974EB}.Debug|Any CPU.Build.0 = Debug|Any CPU
		{421B6D0C-9FCD-494D-8A4C-042EA97974EB}.Release|Any CPU.ActiveCfg = Release|Any CPU
		{421B6D0C-9FCD-494D-8A4C-042EA97974EB}.Release|Any CPU.Build.0 = Release|Any CPU
		{421B6D0C-9FCD-494D-8A4C-042EA97974EB}.Debug|iPhoneSimulator.ActiveCfg = Debug|Any CPU
		{421B6D0C-9FCD-494D-8A4C-042EA97974EB}.Debug|iPhoneSimulator.Build.0 = Debug|Any CPU
		{421B6D0C-9FCD-494D-8A4C-042EA97974EB}.Release|iPhone.ActiveCfg = Release|Any CPU
		{421B6D0C-9FCD-494D-8A4C-042EA97974EB}.Release|iPhone.Build.0 = Release|Any CPU
		{421B6D0C-9FCD-494D-8A4C-042EA97974EB}.Release|iPhoneSimulator.ActiveCfg = Release|Any CPU
		{421B6D0C-9FCD-494D-8A4C-042EA97974EB}.Release|iPhoneSimulator.Build.0 = Release|Any CPU
		{421B6D0C-9FCD-494D-8A4C-042EA97974EB}.Debug|iPhone.ActiveCfg = Debug|Any CPU
		{421B6D0C-9FCD-494D-8A4C-042EA97974EB}.Debug|iPhone.Build.0 = Debug|Any CPU
		{015DA377-FD77-4463-8AB5-9E92B6217F35}.Debug|Any CPU.ActiveCfg = Debug|Any CPU
		{015DA377-FD77-4463-8AB5-9E92B6217F35}.Debug|Any CPU.Build.0 = Debug|Any CPU
		{015DA377-FD77-4463-8AB5-9E92B6217F35}.Release|Any CPU.ActiveCfg = Release|Any CPU
		{015DA377-FD77-4463-8AB5-9E92B6217F35}.Release|Any CPU.Build.0 = Release|Any CPU
		{015DA377-FD77-4463-8AB5-9E92B6217F35}.Debug|iPhoneSimulator.ActiveCfg = Debug|Any CPU
		{015DA377-FD77-4463-8AB5-9E92B6217F35}.Debug|iPhoneSimulator.Build.0 = Debug|Any CPU
		{015DA377-FD77-4463-8AB5-9E92B6217F35}.Release|iPhone.ActiveCfg = Release|Any CPU
		{015DA377-FD77-4463-8AB5-9E92B6217F35}.Release|iPhone.Build.0 = Release|Any CPU
		{015DA377-FD77-4463-8AB5-9E92B6217F35}.Release|iPhoneSimulator.ActiveCfg = Release|Any CPU
		{015DA377-FD77-4463-8AB5-9E92B6217F35}.Release|iPhoneSimulator.Build.0 = Release|Any CPU
		{015DA377-FD77-4463-8AB5-9E92B6217F35}.Debug|iPhone.ActiveCfg = Debug|Any CPU
		{015DA377-FD77-4463-8AB5-9E92B6217F35}.Debug|iPhone.Build.0 = Debug|Any CPU
		{B57D1D1B-5BE6-4045-81EE-9714FC846BE8}.Debug|Any CPU.ActiveCfg = Debug|Any CPU
		{B57D1D1B-5BE6-4045-81EE-9714FC846BE8}.Debug|Any CPU.Build.0 = Debug|Any CPU
		{B57D1D1B-5BE6-4045-81EE-9714FC846BE8}.Release|Any CPU.ActiveCfg = Release|Any CPU
		{B57D1D1B-5BE6-4045-81EE-9714FC846BE8}.Release|Any CPU.Build.0 = Release|Any CPU
		{B57D1D1B-5BE6-4045-81EE-9714FC846BE8}.Debug|iPhoneSimulator.ActiveCfg = Debug|Any CPU
		{B57D1D1B-5BE6-4045-81EE-9714FC846BE8}.Debug|iPhoneSimulator.Build.0 = Debug|Any CPU
		{B57D1D1B-5BE6-4045-81EE-9714FC846BE8}.Release|iPhone.ActiveCfg = Release|Any CPU
		{B57D1D1B-5BE6-4045-81EE-9714FC846BE8}.Release|iPhone.Build.0 = Release|Any CPU
		{B57D1D1B-5BE6-4045-81EE-9714FC846BE8}.Release|iPhoneSimulator.ActiveCfg = Release|Any CPU
		{B57D1D1B-5BE6-4045-81EE-9714FC846BE8}.Release|iPhoneSimulator.Build.0 = Release|Any CPU
		{B57D1D1B-5BE6-4045-81EE-9714FC846BE8}.Debug|iPhone.ActiveCfg = Debug|Any CPU
		{B57D1D1B-5BE6-4045-81EE-9714FC846BE8}.Debug|iPhone.Build.0 = Debug|Any CPU
	EndGlobalSection
	GlobalSection(NestedProjects) = preSolution
		{421B6D0C-9FCD-494D-8A4C-042EA97974EB} = {AA4D8339-660D-4690-B8B0-4A6B9EAE6EDC}
		{015DA377-FD77-4463-8AB5-9E92B6217F35} = {AA4D8339-660D-4690-B8B0-4A6B9EAE6EDC}
		{B57D1D1B-5BE6-4045-81EE-9714FC846BE8} = {AA4D8339-660D-4690-B8B0-4A6B9EAE6EDC}
	EndGlobalSection
EndGlobal
